{
	"name": "diorite",
	"version": "1.1.0npm",
	"lockfileVersion": 3,
	"requires": true,
	"packages": {
		"": {
			"name": "diorite",
			"version": "1.1.0npm",
			"dependencies": {
				"debug": "^4.3.7",
				"fs": "^0.0.1-security",
				"prismarine-nbt": "^2.6.0",
				"prismarine-schematic": "^1.2.3",
				"uuid4": "^2.0.3",
				"vec3": "^0.1.10",
				"ws": "^8.17.0"
			},
			"devDependencies": {
				"@types/node": "^22.10.2",
				"typescript": "^5.7.3"
			}
		},
		"node_modules/@types/node": {
			"version": "22.10.2",
			"resolved": "https://registry.npmjs.org/@types/node/-/node-22.10.2.tgz",
			"integrity": "sha512-Xxr6BBRCAOQixvonOye19wnzyDiUtTeqldOOmj3CkeblonbccA12PFwlufvRdrpjXxqnmUaeiU5EOA+7s5diUQ==",
			"dev": true,
			"license": "MIT",
			"dependencies": {
				"undici-types": "~6.20.0"
			}
		},
		"node_modules/abort-controller": {
			"version": "3.0.0",
			"license": "MIT",
			"dependencies": {
				"event-target-shim": "^5.0.0"
			},
			"engines": {
				"node": ">=6.5"
			}
		},
		"node_modules/ajv": {
			"version": "6.12.6",
			"license": "MIT",
			"dependencies": {
				"fast-deep-equal": "^3.1.1",
				"fast-json-stable-stringify": "^2.0.0",
				"json-schema-traverse": "^0.4.1",
				"uri-js": "^4.2.2"
			},
			"funding": {
				"type": "github",
				"url": "https://github.com/sponsors/epoberezkin"
			}
		},
		"node_modules/base64-js": {
			"version": "1.5.1",
			"funding": [
				{
					"type": "github",
					"url": "https://github.com/sponsors/feross"
				},
				{
					"type": "patreon",
					"url": "https://www.patreon.com/feross"
				},
				{
					"type": "consulting",
					"url": "https://feross.org/support"
				}
			],
			"license": "MIT"
		},
		"node_modules/buffer": {
			"version": "6.0.3",
			"funding": [
				{
					"type": "github",
					"url": "https://github.com/sponsors/feross"
				},
				{
					"type": "patreon",
					"url": "https://www.patreon.com/feross"
				},
				{
					"type": "consulting",
					"url": "https://feross.org/support"
				}
			],
			"license": "MIT",
			"dependencies": {
				"base64-js": "^1.3.1",
				"ieee754": "^1.2.1"
			}
		},
		"node_modules/commander": {
			"version": "2.20.3",
			"license": "MIT"
		},
		"node_modules/debug": {
			"version": "4.3.7",
			"resolved": "https://registry.npmjs.org/debug/-/debug-4.3.7.tgz",
			"integrity": "sha512-Er2nc/H7RrMXZBFCEim6TCmMk02Z8vLC2Rbi1KEBggpo0fS6l0S1nnapwmIi3yW/+GOJap1Krg4w0Hg80oCqgQ==",
			"license": "MIT",
			"dependencies": {
				"ms": "^2.1.3"
			},
			"engines": {
				"node": ">=6.0"
			},
			"peerDependenciesMeta": {
				"supports-color": {
					"optional": true
				}
			}
		},
		"node_modules/discontinuous-range": {
			"version": "1.0.0",
			"license": "MIT"
		},
		"node_modules/event-target-shim": {
			"version": "5.0.1",
			"license": "MIT",
			"engines": {
				"node": ">=6"
			}
		},
		"node_modules/events": {
			"version": "3.3.0",
			"license": "MIT",
			"engines": {
				"node": ">=0.8.x"
			}
		},
		"node_modules/fast-deep-equal": {
			"version": "3.1.3",
			"license": "MIT"
		},
		"node_modules/fast-json-stable-stringify": {
			"version": "2.1.0",
			"license": "MIT"
		},
		"node_modules/fs": {
			"version": "0.0.1-security",
			"license": "ISC"
		},
		"node_modules/ieee754": {
			"version": "1.2.1",
			"funding": [
				{
					"type": "github",
					"url": "https://github.com/sponsors/feross"
				},
				{
					"type": "patreon",
					"url": "https://www.patreon.com/feross"
				},
				{
					"type": "consulting",
					"url": "https://feross.org/support"
				}
			],
			"license": "BSD-3-Clause"
		},
		"node_modules/json-schema-traverse": {
			"version": "0.4.1",
			"license": "MIT"
		},
		"node_modules/lodash.get": {
			"version": "4.4.2",
			"license": "MIT"
		},
		"node_modules/lodash.reduce": {
			"version": "4.6.0",
			"license": "MIT"
		},
		"node_modules/minecraft-data": {
			"version": "3.78.0",
			"license": "MIT"
		},
		"node_modules/mojangson": {
			"version": "2.0.4",
			"license": "MIT",
			"dependencies": {
				"nearley": "^2.19.5"
			}
		},
		"node_modules/moo": {
			"version": "0.5.2",
			"license": "BSD-3-Clause"
		},
		"node_modules/ms": {
			"version": "2.1.3",
			"resolved": "https://registry.npmjs.org/ms/-/ms-2.1.3.tgz",
			"integrity": "sha512-6FlzubTLZG3J2a/NVCAleEhjzq5oxgHyaCU9yYXvcLsvoVaHJq/s5xXI6/XXP6tz7R9xAOtHnSO/tXtF3WRTlA==",
			"license": "MIT"
		},
		"node_modules/nearley": {
			"version": "2.20.1",
			"license": "MIT",
			"dependencies": {
				"commander": "^2.19.0",
				"moo": "^0.5.0",
				"railroad-diagrams": "^1.0.0",
				"randexp": "0.4.6"
			},
			"bin": {
				"nearley-railroad": "bin/nearley-railroad.js",
				"nearley-test": "bin/nearley-test.js",
				"nearley-unparse": "bin/nearley-unparse.js",
				"nearleyc": "bin/nearleyc.js"
			},
			"funding": {
				"type": "individual",
				"url": "https://nearley.js.org/#give-to-nearley"
			}
		},
		"node_modules/prismarine-biome": {
			"version": "1.3.0",
			"license": "MIT",
			"peerDependencies": {
				"minecraft-data": "^3.0.0",
				"prismarine-registry": "^1.1.0"
			}
		},
		"node_modules/prismarine-block": {
			"version": "1.19.0",
			"license": "MIT",
			"dependencies": {
				"minecraft-data": "^3.38.0",
				"prismarine-biome": "^1.1.0",
				"prismarine-chat": "^1.5.0",
				"prismarine-item": "^1.10.1",
				"prismarine-nbt": "^2.0.0",
				"prismarine-registry": "^1.1.0"
			}
		},
		"node_modules/prismarine-chat": {
			"version": "1.10.1",
			"license": "MIT",
			"dependencies": {
				"mojangson": "^2.0.1",
				"prismarine-nbt": "^2.0.0",
				"prismarine-registry": "^1.4.0"
			}
		},
		"node_modules/prismarine-item": {
			"version": "1.15.0",
			"license": "MIT",
			"dependencies": {
				"prismarine-nbt": "^2.0.0",
				"prismarine-registry": "^1.4.0"
			}
		},
		"node_modules/prismarine-nbt": {
			"version": "2.6.0",
			"resolved": "https://registry.npmjs.org/prismarine-nbt/-/prismarine-nbt-2.6.0.tgz",
			"integrity": "sha512-z65ijm6hVlYOmhg8IEzdYfUz1u3AOiQtzyTSAwD8NLBCr96ZUPtUH5o/6sGAoDaN+rkDe0DNBCiO7bvXXO1fkQ==",
			"license": "MIT",
			"dependencies": {
				"protodef": "^1.9.0"
			}
		},
		"node_modules/prismarine-registry": {
			"version": "1.10.0",
			"license": "MIT",
			"dependencies": {
				"minecraft-data": "^3.70.0",
				"prismarine-nbt": "^2.0.0"
			}
		},
		"node_modules/prismarine-schematic": {
			"version": "1.2.3",
			"resolved": "https://registry.npmjs.org/prismarine-schematic/-/prismarine-schematic-1.2.3.tgz",
			"integrity": "sha512-Mwpn43vEHhm3aw3cPhJjWqztkW+nX+QLajDHlTask8lEOTGl1WmpvFja4iwiws4GIvaC8x0Foptf4uvDsnjrAg==",
			"license": "MIT",
			"dependencies": {
				"minecraft-data": "^3.0.0",
				"prismarine-block": "^1.7.2",
				"prismarine-nbt": "^2.0.0",
				"prismarine-world": "^3.1.1",
				"vec3": "^0.1.7"
			}
		},
		"node_modules/prismarine-world": {
			"version": "3.6.3",
			"license": "MIT",
			"dependencies": {
				"vec3": "^0.1.7"
			},
			"engines": {
				"node": ">=8.0.0"
			}
		},
		"node_modules/process": {
			"version": "0.11.10",
			"license": "MIT",
			"engines": {
				"node": ">= 0.6.0"
			}
		},
		"node_modules/protodef": {
			"version": "1.17.0",
			"license": "MIT",
			"dependencies": {
				"lodash.get": "^4.4.2",
				"lodash.reduce": "^4.6.0",
				"protodef-validator": "^1.3.0",
				"readable-stream": "^4.4.0"
			},
			"engines": {
				"node": ">=14"
			}
		},
		"node_modules/protodef-validator": {
			"version": "1.3.1",
			"license": "MIT",
			"dependencies": {
				"ajv": "^6.5.4"
			},
			"bin": {
				"protodef-validator": "cli.js"
			}
		},
		"node_modules/punycode": {
			"version": "2.3.1",
			"license": "MIT",
			"engines": {
				"node": ">=6"
			}
		},
		"node_modules/railroad-diagrams": {
			"version": "1.0.0",
			"license": "CC0-1.0"
		},
		"node_modules/randexp": {
			"version": "0.4.6",
			"license": "MIT",
			"dependencies": {
				"discontinuous-range": "1.0.0",
				"ret": "~0.1.10"
			},
			"engines": {
				"node": ">=0.12"
			}
		},
		"node_modules/readable-stream": {
			"version": "4.5.2",
			"license": "MIT",
			"dependencies": {
				"abort-controller": "^3.0.0",
				"buffer": "^6.0.3",
				"events": "^3.3.0",
				"process": "^0.11.10",
				"string_decoder": "^1.3.0"
			},
			"engines": {
				"node": "^12.22.0 || ^14.17.0 || >=16.0.0"
			}
		},
		"node_modules/ret": {
			"version": "0.1.15",
			"license": "MIT",
			"engines": {
				"node": ">=0.12"
			}
		},
		"node_modules/safe-buffer": {
			"version": "5.2.1",
			"funding": [
				{
					"type": "github",
					"url": "https://github.com/sponsors/feross"
				},
				{
					"type": "patreon",
					"url": "https://www.patreon.com/feross"
				},
				{
					"type": "consulting",
					"url": "https://feross.org/support"
				}
			],
			"license": "MIT"
		},
		"node_modules/string_decoder": {
			"version": "1.3.0",
			"license": "MIT",
			"dependencies": {
				"safe-buffer": "~5.2.0"
			}
		},
		"node_modules/typescript": {
			"version": "5.7.3",
			"resolved": "https://registry.npmjs.org/typescript/-/typescript-5.7.3.tgz",
			"integrity": "sha512-84MVSjMEHP+FQRPy3pX9sTVV/INIex71s9TL2Gm5FG/WG1SqXeKyZ0k7/blY/4FdOzI12CBy1vGc4og/eus0fw==",
			"dev": true,
			"license": "Apache-2.0",
			"bin": {
				"tsc": "bin/tsc",
				"tsserver": "bin/tsserver"
			},
			"engines": {
				"node": ">=14.17"
			}
		},
		"node_modules/undici-types": {
			"version": "6.20.0",
			"resolved": "https://registry.npmjs.org/undici-types/-/undici-types-6.20.0.tgz",
			"integrity": "sha512-Ny6QZ2Nju20vw1SRHe3d9jVu6gJ+4e3+MMpqu7pqE5HT6WsTSlce++GQmK5UXS8mzV8DSYHrQH+Xrf2jVcuKNg==",
			"dev": true,
			"license": "MIT"
		},
		"node_modules/uri-js": {
			"version": "4.4.1",
			"license": "BSD-2-Clause",
			"dependencies": {
				"punycode": "^2.1.0"
			}
		},
		"node_modules/uuid4": {
			"version": "2.0.3",
			"license": "ISC"
		},
		"node_modules/vec3": {
			"version": "0.1.10",
			"license": "BSD"
		},
		"node_modules/ws": {
			"version": "8.18.0",
			"license": "MIT",
			"engines": {
				"node": ">=10.0.0"
			},
			"peerDependencies": {
				"bufferutil": "^4.0.1",
				"utf-8-validate": ">=5.0.2"
			},
			"peerDependenciesMeta": {
				"bufferutil": {
					"optional": true
				},
				"utf-8-validate": {
					"optional": true
				}
			}
		}
	}
}
